
Microsoft Visual Studio Solution File, Format Version 12.00
# Visual Studio Version 16
VisualStudioVersion = 16.0.29403.142
MinimumVisualStudioVersion = 10.0.40219.1
Project("{FAE04EC0-301F-11D3-BF4B-00C04F79EFBC}") = "List", "List\List.csproj", "{CF7D08E5-A99D-4CF2-9F61-AB0BB6C6816D}"
EndProject
Global
	GlobalSection(SolutionConfigurationPlatforms) = preSolution
		Debug|Any CPU = Debug|Any CPU
		Release|Any CPU = Release|Any CPU
	EndGlobalSection
	GlobalSection(ProjectConfigurationPlatforms) = postSolution
		{CF7D08E5-A99D-4CF2-9F61-AB0BB6C6816D}.Debug|Any CPU.ActiveCfg = Debug|Any CPU
		{CF7D08E5-A99D-4CF2-9F61-AB0BB6C6816D}.Debug|Any CPU.Build.0 = Debug|Any CPU
		{CF7D08E5-A99D-4CF2-9F61-AB0BB6C6816D}.Release|Any CPU.ActiveCfg = Release|Any CPU
		{CF7D08E5-A99D-4CF2-9F61-AB0BB6C6816D}.Release|Any CPU.Build.0 = Release|Any CPU
	EndGlobalSection
	GlobalSection(SolutionProperties) = preSolution
		HideSolutionNode = FALSE
	EndGlobalSection
	GlobalSection(ExtensibilityGlobals) = postSolution
		SolutionGuid = {BC7F68D4-E93A-4705-91B8-7254E3C5A55A}
	EndGlobalSection
EndGlobal
